Microsoft Visual Studio Solution File, Format Version 12.00
# Visual Studio Version 17
VisualStudioVersion = 17.5.2.0
MinimumVisualStudioVersion = 10.0.40219.1
Project("{FAE04EC0-301F-11D3-BF4B-00C04F79EFBC}") = "az2003v2", "az2003v2.csproj", "{2E6B785F-CD53-EE71-4B72-908B4E8879DD}"
EndProject
Global
	GlobalSection(SolutionConfigurationPlatforms) = preSolution
		Debug|Any CPU = Debug|Any CPU
		Release|Any CPU = Release|Any CPU
	EndGlobalSection
	GlobalSection(ProjectConfigurationPlatforms) = postSolution
		{2E6B785F-CD53-EE71-4B72-908B4E8879DD}.Debug|Any CPU.ActiveCfg = Debug|Any CPU
		{2E6B785F-CD53-EE71-4B72-908B4E8879DD}.Debug|Any CPU.Build.0 = Debug|Any CPU
		{2E6B785F-CD53-EE71-4B72-908B4E8879DD}.Release|Any CPU.ActiveCfg = Release|Any CPU
		{2E6B785F-CD53-EE71-4B72-908B4E8879DD}.Release|Any CPU.Build.0 = Release|Any CPU
	EndGlobalSection
	GlobalSection(SolutionProperties) = preSolution
		HideSolutionNode = FALSE
	EndGlobalSection
	GlobalSection(ExtensibilityGlobals) = postSolution
		SolutionGuid = {EFFE3A4D-2654-4897-8066-313D548443AB}
	EndGlobalSection
EndGlobal
